<?xml version="1.0" encoding="utf-8"?>
<Project ToolsVersion="4.0" xmlns="http://schemas.microsoft.com/developer/msbuild/2003">
  <ItemGroup>
    <Filter Include="리소스 파일">
      <UniqueIdentifier>{67DA6AB6-F800-4c08-8B7A-83BB121AAD01}</UniqueIdentifier>
      <Extensions>rc;ico;cur;bmp;dlg;rc2;rct;bin;rgs;gif;jpg;jpeg;jpe;resx;tiff;tif;png;wav;mfcribbon-ms</Extensions>
    </Filter>
    <Filter Include="BattleShip">
      <UniqueIdentifier>{4a8bd17e-8fc5-4d74-8bda-10fffe31ce02}</UniqueIdentifier>
    </Filter>
  </ItemGroup>
  <ItemGroup>
    <ClCompile Include="main.cpp" />
    <ClCompile Include="CShip.cpp">
      <Filter>BattleShip</Filter>
    </ClCompile>
    <ClCompile Include="CBattleShipGame.cpp" />
    <ClCompile Include="Func.cpp" />
  </ItemGroup>
  <ItemGroup>
    <ClInclude Include="CShip.h">
      <Filter>BattleShip</Filter>
    </ClInclude>
    <ClInclude Include="CBattleShipGame.h" />
    <ClInclude Include="Func.h" />
  </ItemGroup>
</Project>